
Microsoft Visual Studio Solution File, Format Version 12.00
# Visual Studio 2012
Project("{FAE04EC0-301F-11D3-BF4B-00C04F79EFBC}") = "A2ZGymSolution", "A2ZGymSolution\A2ZGymSolution.csproj", "{AF6E35AE-8FE8-460F-B074-EF3BCCA80D7D}"
EndProject
Project("{FAE04EC0-301F-11D3-BF4B-00C04F79EFBC}") = "DAL", "DAL\DAL.csproj", "{2EC63D80-7EF7-4C97-A16E-C6453842EA91}"
EndProject
Project("{FAE04EC0-301F-11D3-BF4B-00C04F79EFBC}") = "BLL", "BLL\BLL.csproj", "{D2C576CC-CFB5-45A5-B5DD-BD40A164FF2F}"
EndProject
Project("{FAE04EC0-301F-11D3-BF4B-00C04F79EFBC}") = "DTO", "DTO\DTO.csproj", "{562B2E6F-B8DF-4C0F-B601-2CAC1C8C1650}"
EndProject
Project("{FAE04EC0-301F-11D3-BF4B-00C04F79EFBC}") = "CommonUtility", "CommonUtility\CommonUtility.csproj", "{1910864B-AB15-425D-81DA-A6E1728EE93C}"
EndProject
Global
	GlobalSection(SolutionConfigurationPlatforms) = preSolution
		Debug|Any CPU = Debug|Any CPU
		Release|Any CPU = Release|Any CPU
	EndGlobalSection
	GlobalSection(ProjectConfigurationPlatforms) = postSolution
		{AF6E35AE-8FE8-460F-B074-EF3BCCA80D7D}.Debug|Any CPU.ActiveCfg = Debug|Any CPU
		{AF6E35AE-8FE8-460F-B074-EF3BCCA80D7D}.Debug|Any CPU.Build.0 = Debug|Any CPU
		{AF6E35AE-8FE8-460F-B074-EF3BCCA80D7D}.Release|Any CPU.ActiveCfg = Release|Any CPU
		{AF6E35AE-8FE8-460F-B074-EF3BCCA80D7D}.Release|Any CPU.Build.0 = Release|Any CPU
		{2EC63D80-7EF7-4C97-A16E-C6453842EA91}.Debug|Any CPU.ActiveCfg = Debug|Any CPU
		{2EC63D80-7EF7-4C97-A16E-C6453842EA91}.Release|Any CPU.ActiveCfg = Release|Any CPU
		{2EC63D80-7EF7-4C97-A16E-C6453842EA91}.Release|Any CPU.Build.0 = Release|Any CPU
		{D2C576CC-CFB5-45A5-B5DD-BD40A164FF2F}.Debug|Any CPU.ActiveCfg = Debug|Any CPU
		{D2C576CC-CFB5-45A5-B5DD-BD40A164FF2F}.Release|Any CPU.ActiveCfg = Release|Any CPU
		{D2C576CC-CFB5-45A5-B5DD-BD40A164FF2F}.Release|Any CPU.Build.0 = Release|Any CPU
		{562B2E6F-B8DF-4C0F-B601-2CAC1C8C1650}.Debug|Any CPU.ActiveCfg = Debug|Any CPU
		{562B2E6F-B8DF-4C0F-B601-2CAC1C8C1650}.Release|Any CPU.ActiveCfg = Release|Any CPU
		{562B2E6F-B8DF-4C0F-B601-2CAC1C8C1650}.Release|Any CPU.Build.0 = Release|Any CPU
		{1910864B-AB15-425D-81DA-A6E1728EE93C}.Debug|Any CPU.ActiveCfg = Debug|Any CPU
		{1910864B-AB15-425D-81DA-A6E1728EE93C}.Release|Any CPU.ActiveCfg = Release|Any CPU
		{1910864B-AB15-425D-81DA-A6E1728EE93C}.Release|Any CPU.Build.0 = Release|Any CPU
	EndGlobalSection
	GlobalSection(SolutionProperties) = preSolution
		HideSolutionNode = FALSE
	EndGlobalSection
EndGlobal
